
Microsoft Visual Studio Solution File, Format Version 11.00
# Visual Studio 2010
Project("{FAE04EC0-301F-11D3-BF4B-00C04F79EFBC}") = "MvcApplication5", "MvcApplication5\MvcApplication5.csproj", "{EFED26E4-1642-4C9C-8702-0C55F9A8B53D}"
EndProject
Project("{FAE04EC0-301F-11D3-BF4B-00C04F79EFBC}") = "MvcApplication5.Tests", "MvcApplication5.Tests\MvcApplication5.Tests.csproj", "{7EF272E3-80AF-4AF6-9E69-74BD67FBB251}"
EndProject
Global
	GlobalSection(SolutionConfigurationPlatforms) = preSolution
		Debug|Any CPU = Debug|Any CPU
		Release|Any CPU = Release|Any CPU
	EndGlobalSection
	GlobalSection(ProjectConfigurationPlatforms) = postSolution
		{EFED26E4-1642-4C9C-8702-0C55F9A8B53D}.Debug|Any CPU.ActiveCfg = Debug|Any CPU
		{EFED26E4-1642-4C9C-8702-0C55F9A8B53D}.Debug|Any CPU.Build.0 = Debug|Any CPU
		{EFED26E4-1642-4C9C-8702-0C55F9A8B53D}.Release|Any CPU.ActiveCfg = Release|Any CPU
		{EFED26E4-1642-4C9C-8702-0C55F9A8B53D}.Release|Any CPU.Build.0 = Release|Any CPU
		{7EF272E3-80AF-4AF6-9E69-74BD67FBB251}.Debug|Any CPU.ActiveCfg = Debug|Any CPU
		{7EF272E3-80AF-4AF6-9E69-74BD67FBB251}.Debug|Any CPU.Build.0 = Debug|Any CPU
		{7EF272E3-80AF-4AF6-9E69-74BD67FBB251}.Release|Any CPU.ActiveCfg = Release|Any CPU
		{7EF272E3-80AF-4AF6-9E69-74BD67FBB251}.Release|Any CPU.Build.0 = Release|Any CPU
	EndGlobalSection
	GlobalSection(SolutionProperties) = preSolution
		HideSolutionNode = FALSE
	EndGlobalSection
EndGlobal
